
Microsoft Visual Studio Solution File, Format Version 12.00
# Visual Studio 15
VisualStudioVersion = 15.0.27703.2018
MinimumVisualStudioVersion = 10.0.40219.1
Project("{FAE04EC0-301F-11D3-BF4B-00C04F79EFBC}") = "test.Android", "test\test.Android\test.Android.csproj", "{29A659AC-DB5E-4CA4-B116-4C615E26E6B5}"
EndProject
Project("{FAE04EC0-301F-11D3-BF4B-00C04F79EFBC}") = "test.iOS", "test\test.iOS\test.iOS.csproj", "{78DDBB51-4A93-47BA-B4D3-E77FBC8D9725}"
EndProject
Project("{FAE04EC0-301F-11D3-BF4B-00C04F79EFBC}") = "test", "test\test\test.csproj", "{201B2B61-B582-4B74-B0BD-825230BD03B6}"
EndProject
Global
	GlobalSection(SolutionConfigurationPlatforms) = preSolution
		Ad-Hoc|Any CPU = Ad-Hoc|Any CPU
		Ad-Hoc|iPhone = Ad-Hoc|iPhone
		Ad-Hoc|iPhoneSimulator = Ad-Hoc|iPhoneSimulator
		AppStore|Any CPU = AppStore|Any CPU
		AppStore|iPhone = AppStore|iPhone
		AppStore|iPhoneSimulator = AppStore|iPhoneSimulator
		Debug|Any CPU = Debug|Any CPU
		Debug|iPhone = Debug|iPhone
		Debug|iPhoneSimulator = Debug|iPhoneSimulator
		Release|Any CPU = Release|Any CPU
		Release|iPhone = Release|iPhone
		Release|iPhoneSimulator = Release|iPhoneSimulator
	EndGlobalSection
	GlobalSection(ProjectConfigurationPlatforms) = postSolution
		{29A659AC-DB5E-4CA4-B116-4C615E26E6B5}.Ad-Hoc|Any CPU.ActiveCfg = Release|Any CPU
		{29A659AC-DB5E-4CA4-B116-4C615E26E6B5}.Ad-Hoc|Any CPU.Build.0 = Release|Any CPU
		{29A659AC-DB5E-4CA4-B116-4C615E26E6B5}.Ad-Hoc|Any CPU.Deploy.0 = Release|Any CPU
		{29A659AC-DB5E-4CA4-B116-4C615E26E6B5}.Ad-Hoc|iPhone.ActiveCfg = Release|Any CPU
		{29A659AC-DB5E-4CA4-B116-4C615E26E6B5}.Ad-Hoc|iPhone.Build.0 = Release|Any CPU
		{29A659AC-DB5E-4CA4-B116-4C615E26E6B5}.Ad-Hoc|iPhone.Deploy.0 = Release|Any CPU
		{29A659AC-DB5E-4CA4-B116-4C615E26E6B5}.Ad-Hoc|iPhoneSimulator.ActiveCfg = Release|Any CPU
		{29A659AC-DB5E-4CA4-B116-4C615E26E6B5}.Ad-Hoc|iPhoneSimulator.Build.0 = Release|Any CPU
		{29A659AC-DB5E-4CA4-B116-4C615E26E6B5}.Ad-Hoc|iPhoneSimulator.Deploy.0 = Release|Any CPU
		{29A659AC-DB5E-4CA4-B116-4C615E26E6B5}.AppStore|Any CPU.ActiveCfg = Release|Any CPU
		{29A659AC-DB5E-4CA4-B116-4C615E26E6B5}.AppStore|Any CPU.Build.0 = Release|Any CPU
		{29A659AC-DB5E-4CA4-B116-4C615E26E6B5}.AppStore|Any CPU.Deploy.0 = Release|Any CPU
		{29A659AC-DB5E-4CA4-B116-4C615E26E6B5}.AppStore|iPhone.ActiveCfg = Release|Any CPU
		{29A659AC-DB5E-4CA4-B116-4C615E26E6B5}.AppStore|iPhone.Build.0 = Release|Any CPU
		{29A659AC-DB5E-4CA4-B116-4C615E26E6B5}.AppStore|iPhone.Deploy.0 = Release|Any CPU
		{29A659AC-DB5E-4CA4-B116-4C615E26E6B5}.AppStore|iPhoneSimulator.ActiveCfg = Release|Any CPU
		{29A659AC-DB5E-4CA4-B116-4C615E26E6B5}.AppStore|iPhoneSimulator.Build.0 = Release|Any CPU
		{29A659AC-DB5E-4CA4-B116-4C615E26E6B5}.AppStore|iPhoneSimulator.Deploy.0 = Release|Any CPU
		{29A659AC-DB5E-4CA4-B116-4C615E26E6B5}.Debug|Any CPU.ActiveCfg = Debug|Any CPU
		{29A659AC-DB5E-4CA4-B116-4C615E26E6B5}.Debug|Any CPU.Build.0 = Debug|Any CPU
		{29A659AC-DB5E-4CA4-B116-4C615E26E6B5}.Debug|Any CPU.Deploy.0 = Debug|Any CPU
		{29A659AC-DB5E-4CA4-B116-4C615E26E6B5}.Debug|iPhone.ActiveCfg = Debug|Any CPU
		{29A659AC-DB5E-4CA4-B116-4C615E26E6B5}.Debug|iPhone.Build.0 = Debug|Any CPU
		{29A659AC-DB5E-4CA4-B116-4C615E26E6B5}.Debug|iPhone.Deploy.0 = Debug|Any CPU
		{29A659AC-DB5E-4CA4-B116-4C615E26E6B5}.Debug|iPhoneSimulator.ActiveCfg = Debug|Any CPU
		{29A659AC-DB5E-4CA4-B116-4C615E26E6B5}.Debug|iPhoneSimulator.Build.0 = Debug|Any CPU
		{29A659AC-DB5E-4CA4-B116-4C615E26E6B5}.Debug|iPhoneSimulator.Deploy.0 = Debug|Any CPU
		{29A659AC-DB5E-4CA4-B116-4C615E26E6B5}.Release|Any CPU.ActiveCfg = Release|Any CPU
		{29A659AC-DB5E-4CA4-B116-4C615E26E6B5}.Release|Any CPU.Build.0 = Release|Any CPU
		{29A659AC-DB5E-4CA4-B116-4C615E26E6B5}.Release|Any CPU.Deploy.0 = Release|Any CPU
		{29A659AC-DB5E-4CA4-B116-4C615E26E6B5}.Release|iPhone.ActiveCfg = Release|Any CPU
		{29A659AC-DB5E-4CA4-B116-4C615E26E6B5}.Release|iPhone.Build.0 = Release|Any CPU
		{29A659AC-DB5E-4CA4-B116-4C615E26E6B5}.Release|iPhone.Deploy.0 = Release|Any CPU
		{29A659AC-DB5E-4CA4-B116-4C615E26E6B5}.Release|iPhoneSimulator.ActiveCfg = Release|Any CPU
		{29A659AC-DB5E-4CA4-B116-4C615E26E6B5}.Release|iPhoneSimulator.Build.0 = Release|Any CPU
		{29A659AC-DB5E-4CA4-B116-4C615E26E6B5}.Release|iPhoneSimulator.Deploy.0 = Release|Any CPU
		{78DDBB51-4A93-47BA-B4D3-E77FBC8D9725}.Ad-Hoc|Any CPU.ActiveCfg = Ad-Hoc|iPhone
		{78DDBB51-4A93-47BA-B4D3-E77FBC8D9725}.Ad-Hoc|Any CPU.Build.0 = Ad-Hoc|iPhone
		{78DDBB51-4A93-47BA-B4D3-E77FBC8D9725}.Ad-Hoc|Any CPU.Deploy.0 = Ad-Hoc|iPhone
		{78DDBB51-4A93-47BA-B4D3-E77FBC8D9725}.Ad-Hoc|iPhone.ActiveCfg = Ad-Hoc|iPhone
		{78DDBB51-4A93-47BA-B4D3-E77FBC8D9725}.Ad-Hoc|iPhone.Build.0 = Ad-Hoc|iPhone
		{78DDBB51-4A93-47BA-B4D3-E77FBC8D9725}.Ad-Hoc|iPhone.Deploy.0 = Ad-Hoc|iPhone
		{78DDBB51-4A93-47BA-B4D3-E77FBC8D9725}.Ad-Hoc|iPhoneSimulator.ActiveCfg = Ad-Hoc|iPhoneSimulator
		{78DDBB51-4A93-47BA-B4D3-E77FBC8D9725}.Ad-Hoc|iPhoneSimulator.Build.0 = Ad-Hoc|iPhoneSimulator
		{78DDBB51-4A93-47BA-B4D3-E77FBC8D9725}.Ad-Hoc|iPhoneSimulator.Deploy.0 = Ad-Hoc|iPhoneSimulator
		{78DDBB51-4A93-47BA-B4D3-E77FBC8D9725}.AppStore|Any CPU.ActiveCfg = AppStore|iPhone
		{78DDBB51-4A93-47BA-B4D3-E77FBC8D9725}.AppStore|Any CPU.Build.0 = AppStore|iPhone
		{78DDBB51-4A93-47BA-B4D3-E77FBC8D9725}.AppStore|Any CPU.Deploy.0 = AppStore|iPhone
		{78DDBB51-4A93-47BA-B4D3-E77FBC8D9725}.AppStore|iPhone.ActiveCfg = AppStore|iPhone
		{78DDBB51-4A93-47BA-B4D3-E77FBC8D9725}.AppStore|iPhone.Build.0 = AppStore|iPhone
		{78DDBB51-4A93-47BA-B4D3-E77FBC8D9725}.AppStore|iPhone.Deploy.0 = AppStore|iPhone
		{78DDBB51-4A93-47BA-B4D3-E77FBC8D9725}.AppStore|iPhoneSimulator.ActiveCfg = AppStore|iPhoneSimulator
		{78DDBB51-4A93-47BA-B4D3-E77FBC8D9725}.AppStore|iPhoneSimulator.Build.0 = AppStore|iPhoneSimulator
		{78DDBB51-4A93-47BA-B4D3-E77FBC8D9725}.AppStore|iPhoneSimulator.Deploy.0 = AppStore|iPhoneSimulator
		{78DDBB51-4A93-47BA-B4D3-E77FBC8D9725}.Debug|Any CPU.ActiveCfg = Debug|iPhoneSimulator
		{78DDBB51-4A93-47BA-B4D3-E77FBC8D9725}.Debug|Any CPU.Build.0 = Debug|iPhoneSimulator
		{78DDBB51-4A93-47BA-B4D3-E77FBC8D9725}.Debug|Any CPU.Deploy.0 = Debug|iPhoneSimulator
		{78DDBB51-4A93-47BA-B4D3-E77FBC8D9725}.Debug|iPhone.ActiveCfg = Debug|iPhone
		{78DDBB51-4A93-47BA-B4D3-E77FBC8D9725}.Debug|iPhone.Build.0 = Debug|iPhone
		{78DDBB51-4A93-47BA-B4D3-E77FBC8D9725}.Debug|iPhone.Deploy.0 = Debug|iPhone
		{78DDBB51-4A93-47BA-B4D3-E77FBC8D9725}.Debug|iPhoneSimulator.ActiveCfg = Debug|iPhoneSimulator
		{78DDBB51-4A93-47BA-B4D3-E77FBC8D9725}.Debug|iPhoneSimulator.Build.0 = Debug|iPhoneSimulator
		{78DDBB51-4A93-47BA-B4D3-E77FBC8D9725}.Debug|iPhoneSimulator.Deploy.0 = Debug|iPhoneSimulator
		{78DDBB51-4A93-47BA-B4D3-E77FBC8D9725}.Release|Any CPU.ActiveCfg = Release|iPhone
		{78DDBB51-4A93-47BA-B4D3-E77FBC8D9725}.Release|Any CPU.Build.0 = Release|iPhone
		{78DDBB51-4A93-47BA-B4D3-E77FBC8D9725}.Release|Any CPU.Deploy.0 = Release|iPhone
		{78DDBB51-4A93-47BA-B4D3-E77FBC8D9725}.Release|iPhone.ActiveCfg = Release|iPhone
		{78DDBB51-4A93-47BA-B4D3-E77FBC8D9725}.Release|iPhone.Build.0 = Release|iPhone
		{78DDBB51-4A93-47BA-B4D3-E77FBC8D9725}.Release|iPhone.Deploy.0 = Release|iPhone
		{78DDBB51-4A93-47BA-B4D3-E77FBC8D9725}.Release|iPhoneSimulator.ActiveCfg = Release|iPhoneSimulator
		{78DDBB51-4A93-47BA-B4D3-E77FBC8D9725}.Release|iPhoneSimulator.Build.0 = Release|iPhoneSimulator
		{78DDBB51-4A93-47BA-B4D3-E77FBC8D9725}.Release|iPhoneSimulator.Deploy.0 = Release|iPhoneSimulator
		{201B2B61-B582-4B74-B0BD-825230BD03B6}.Ad-Hoc|Any CPU.ActiveCfg = Debug|Any CPU
		{201B2B61-B582-4B74-B0BD-825230BD03B6}.Ad-Hoc|Any CPU.Build.0 = Debug|Any CPU
		{201B2B61-B582-4B74-B0BD-825230BD03B6}.Ad-Hoc|Any CPU.Deploy.0 = Debug|Any CPU
		{201B2B61-B582-4B74-B0BD-825230BD03B6}.Ad-Hoc|iPhone.ActiveCfg = Debug|Any CPU
		{201B2B61-B582-4B74-B0BD-825230BD03B6}.Ad-Hoc|iPhone.Build.0 = Debug|Any CPU
		{201B2B61-B582-4B74-B0BD-825230BD03B6}.Ad-Hoc|iPhone.Deploy.0 = Debug|Any CPU
		{201B2B61-B582-4B74-B0BD-825230BD03B6}.Ad-Hoc|iPhoneSimulator.ActiveCfg = Debug|Any CPU
		{201B2B61-B582-4B74-B0BD-825230BD03B6}.Ad-Hoc|iPhoneSimulator.Build.0 = Debug|Any CPU
		{201B2B61-B582-4B74-B0BD-825230BD03B6}.Ad-Hoc|iPhoneSimulator.Deploy.0 = Debug|Any CPU
		{201B2B61-B582-4B74-B0BD-825230BD03B6}.AppStore|Any CPU.ActiveCfg = Debug|Any CPU
		{201B2B61-B582-4B74-B0BD-825230BD03B6}.AppStore|Any CPU.Build.0 = Debug|Any CPU
		{201B2B61-B582-4B74-B0BD-825230BD03B6}.AppStore|Any CPU.Deploy.0 = Debug|Any CPU
		{201B2B61-B582-4B74-B0BD-825230BD03B6}.AppStore|iPhone.ActiveCfg = Debug|Any CPU
		{201B2B61-B582-4B74-B0BD-825230BD03B6}.AppStore|iPhone.Build.0 = Debug|Any CPU
		{201B2B61-B582-4B74-B0BD-825230BD03B6}.AppStore|iPhone.Deploy.0 = Debug|Any CPU
		{201B2B61-B582-4B74-B0BD-825230BD03B6}.AppStore|iPhoneSimulator.ActiveCfg = Debug|Any CPU
		{201B2B61-B582-4B74-B0BD-825230BD03B6}.AppStore|iPhoneSimulator.Build.0 = Debug|Any CPU
		{201B2B61-B582-4B74-B0BD-825230BD03B6}.AppStore|iPhoneSimulator.Deploy.0 = Debug|Any CPU
		{201B2B61-B582-4B74-B0BD-825230BD03B6}.Debug|Any CPU.ActiveCfg = Debug|Any CPU
		{201B2B61-B582-4B74-B0BD-825230BD03B6}.Debug|Any CPU.Build.0 = Debug|Any CPU
		{201B2B61-B582-4B74-B0BD-825230BD03B6}.Debug|Any CPU.Deploy.0 = Debug|Any CPU
		{201B2B61-B582-4B74-B0BD-825230BD03B6}.Debug|iPhone.ActiveCfg = Debug|Any CPU
		{201B2B61-B582-4B74-B0BD-825230BD03B6}.Debug|iPhone.Build.0 = Debug|Any CPU
		{201B2B61-B582-4B74-B0BD-825230BD03B6}.Debug|iPhone.Deploy.0 = Debug|Any CPU
		{201B2B61-B582-4B74-B0BD-825230BD03B6}.Debug|iPhoneSimulator.ActiveCfg = Debug|Any CPU
		{201B2B61-B582-4B74-B0BD-825230BD03B6}.Debug|iPhoneSimulator.Build.0 = Debug|Any CPU
		{201B2B61-B582-4B74-B0BD-825230BD03B6}.Debug|iPhoneSimulator.Deploy.0 = Debug|Any CPU
		{201B2B61-B582-4B74-B0BD-825230BD03B6}.Release|Any CPU.ActiveCfg = Release|Any CPU
		{201B2B61-B582-4B74-B0BD-825230BD03B6}.Release|Any CPU.Build.0 = Release|Any CPU
		{201B2B61-B582-4B74-B0BD-825230BD03B6}.Release|Any CPU.Deploy.0 = Release|Any CPU
		{201B2B61-B582-4B74-B0BD-825230BD03B6}.Release|iPhone.ActiveCfg = Release|Any CPU
		{201B2B61-B582-4B74-B0BD-825230BD03B6}.Release|iPhone.Build.0 = Release|Any CPU
		{201B2B61-B582-4B74-B0BD-825230BD03B6}.Release|iPhone.Deploy.0 = Release|Any CPU
		{201B2B61-B582-4B74-B0BD-825230BD03B6}.Release|iPhoneSimulator.ActiveCfg = Release|Any CPU
		{201B2B61-B582-4B74-B0BD-825230BD03B6}.Release|iPhoneSimulator.Build.0 = Release|Any CPU
		{201B2B61-B582-4B74-B0BD-825230BD03B6}.Release|iPhoneSimulator.Deploy.0 = Release|Any CPU
	EndGlobalSection
	GlobalSection(SolutionProperties) = preSolution
		HideSolutionNode = FALSE
	EndGlobalSection
	GlobalSection(ExtensibilityGlobals) = postSolution
		SolutionGuid = {99FA12EC-1901-4142-8EC9-EEB6205B3FC6}
	EndGlobalSection
EndGlobal
